{
  "nodes": {
    "nixpkgs": {
      "locked": {
        "lastModified": 1686874566,
        "narHash": "sha256-iDp/r5MAA/8+cAY8u3JEMN8GV7ZDl7Z8tNpRKLpUFs8=",
        "owner": "nixos",
        "repo": "nixpkgs",
        "rev": "45f77daca90530e6bced1027bf40b31c8afe00ff",
        "type": "github"
      },
      "original": {
        "owner": "nixos",
        "ref": "release-22.11",
        "repo": "nixpkgs",
        "type": "github"
      }
    },
    "root": {
      "inputs": {
        "nixpkgs": "nixpkgs"
      }
    }
  },
  "root": "root",
  "version": 7
}
